
Microsoft Visual Studio Solution File, Format Version 12.00
# Visual Studio Version 16
VisualStudioVersion = 16.0.32630.194
MinimumVisualStudioVersion = 10.0.40219.1
Project("{FAE04EC0-301F-11D3-BF4B-00C04F79EFBC}") = "Library", "Library.csproj", "{D8EFDD75-73BB-40E1-B2F9-7D5246BEA43A}"
EndProject
Global
	GlobalSection(SolutionConfigurationPlatforms) = preSolution
		Debug|Any CPU = Debug|Any CPU
		Release|Any CPU = Release|Any CPU
	EndGlobalSection
	GlobalSection(ProjectConfigurationPlatforms) = postSolution
		{D8EFDD75-73BB-40E1-B2F9-7D5246BEA43A}.Debug|Any CPU.ActiveCfg = Debug|Any CPU
		{D8EFDD75-73BB-40E1-B2F9-7D5246BEA43A}.Debug|Any CPU.Build.0 = Debug|Any CPU
		{D8EFDD75-73BB-40E1-B2F9-7D5246BEA43A}.Release|Any CPU.ActiveCfg = Release|Any CPU
		{D8EFDD75-73BB-40E1-B2F9-7D5246BEA43A}.Release|Any CPU.Build.0 = Release|Any CPU
	EndGlobalSection
	GlobalSection(SolutionProperties) = preSolution
		HideSolutionNode = FALSE
	EndGlobalSection
	GlobalSection(ExtensibilityGlobals) = postSolution
		SolutionGuid = {7B2E6822-7933-42D5-878E-19468703D823}
	EndGlobalSection
EndGlobal
